
Microsoft Visual Studio Solution File, Format Version 12.00
Project("{FAE04EC0-301F-11D3-BF4B-00C04F79EFBC}") = "thuchanh", "thuchanh\thuchanh.csproj", "{F14BBCA0-7DD1-43CD-BA25-51EB287114F2}"
EndProject
Project("{FAE04EC0-301F-11D3-BF4B-00C04F79EFBC}") = "bai20", "bai20\bai20.csproj", "{B5C89B0B-CC92-4776-80EA-5D2583410D2F}"
EndProject
Global
	GlobalSection(SolutionConfigurationPlatforms) = preSolution
		Debug|Any CPU = Debug|Any CPU
		Release|Any CPU = Release|Any CPU
	EndGlobalSection
	GlobalSection(ProjectConfigurationPlatforms) = postSolution
		{F14BBCA0-7DD1-43CD-BA25-51EB287114F2}.Debug|Any CPU.ActiveCfg = Debug|Any CPU
		{F14BBCA0-7DD1-43CD-BA25-51EB287114F2}.Debug|Any CPU.Build.0 = Debug|Any CPU
		{F14BBCA0-7DD1-43CD-BA25-51EB287114F2}.Release|Any CPU.ActiveCfg = Release|Any CPU
		{F14BBCA0-7DD1-43CD-BA25-51EB287114F2}.Release|Any CPU.Build.0 = Release|Any CPU
		{B5C89B0B-CC92-4776-80EA-5D2583410D2F}.Debug|Any CPU.ActiveCfg = Debug|Any CPU
		{B5C89B0B-CC92-4776-80EA-5D2583410D2F}.Debug|Any CPU.Build.0 = Debug|Any CPU
		{B5C89B0B-CC92-4776-80EA-5D2583410D2F}.Release|Any CPU.ActiveCfg = Release|Any CPU
		{B5C89B0B-CC92-4776-80EA-5D2583410D2F}.Release|Any CPU.Build.0 = Release|Any CPU
	EndGlobalSection
EndGlobal
