
Microsoft Visual Studio Solution File, Format Version 12.00
Project("{FAE04EC0-301F-11D3-BF4B-00C04F79EFBC}") = "Baitap01", "Baitap01\Baitap01.csproj", "{22AECD77-88F1-4077-AF58-D32C9120E705}"
EndProject
Project("{FAE04EC0-301F-11D3-BF4B-00C04F79EFBC}") = "Baitap02", "Baitap02\Baitap02.csproj", "{E9F87614-0760-4284-AEDE-3B2915984C50}"
EndProject
Project("{FAE04EC0-301F-11D3-BF4B-00C04F79EFBC}") = "Baitap03", "Baitap03\Baitap03.csproj", "{C9AE2339-F47F-41DE-88CC-78331BF02461}"
EndProject
Project("{FAE04EC0-301F-11D3-BF4B-00C04F79EFBC}") = "Baitap04", "Baitap04\Baitap04.csproj", "{5A6A9A7E-7004-408C-979B-1EB51707417E}"
EndProject
Project("{FAE04EC0-301F-11D3-BF4B-00C04F79EFBC}") = "Baitap05", "Baitap05\Baitap05.csproj", "{E33F6BEA-C6BD-4503-A2C2-670E360A2279}"
EndProject
Project("{FAE04EC0-301F-11D3-BF4B-00C04F79EFBC}") = "BaiTap06", "BaiTap06\BaiTap06.csproj", "{F7CFC47A-6B53-4EAB-AB6D-4BC9485BD3FD}"
EndProject
Project("{FAE04EC0-301F-11D3-BF4B-00C04F79EFBC}") = "Baitap07", "Baitap07\Baitap07.csproj", "{A941C886-992B-4DC0-B636-ED15E322FB6B}"
EndProject
Project("{FAE04EC0-301F-11D3-BF4B-00C04F79EFBC}") = "Baitap08", "Baitap08\Baitap08.csproj", "{B81BEB9B-FCEB-4785-ADD1-61ACBE22CC40}"
EndProject
Project("{FAE04EC0-301F-11D3-BF4B-00C04F79EFBC}") = "Baitap09", "Baitap09\Baitap09.csproj", "{B0CC24EE-A474-4DE0-89C6-7A0430B72718}"
EndProject
Project("{FAE04EC0-301F-11D3-BF4B-00C04F79EFBC}") = "Baitap10", "Baitap10\Baitap10.csproj", "{AEDFEB25-D2A7-4D88-B188-9EA271783949}"
EndProject
Project("{FAE04EC0-301F-11D3-BF4B-00C04F79EFBC}") = "Baitap11", "Baitap11\Baitap11.csproj", "{C45F8C79-34E9-4A95-B241-53991476886D}"
EndProject
Project("{FAE04EC0-301F-11D3-BF4B-00C04F79EFBC}") = "Baitap12", "Baitap12\Baitap12.csproj", "{9A07CB6C-2C35-43C0-8C89-DAE275CAD982}"
EndProject
Project("{FAE04EC0-301F-11D3-BF4B-00C04F79EFBC}") = "Baitap13", "Baitap13\Baitap13.csproj", "{91F92ABD-F679-4955-930B-C27B0051F902}"
EndProject
Project("{FAE04EC0-301F-11D3-BF4B-00C04F79EFBC}") = "Baitap14", "Baitap14\Baitap14.csproj", "{56F5E3A2-3C53-465B-942C-C5AEACB38CAD}"
EndProject
Project("{FAE04EC0-301F-11D3-BF4B-00C04F79EFBC}") = "Baitap15", "Baitap15\Baitap15.csproj", "{43A0784E-C816-463B-AA39-53283AF0F572}"
EndProject
Project("{FAE04EC0-301F-11D3-BF4B-00C04F79EFBC}") = "Baitap16", "Baitap16\Baitap16.csproj", "{3B628D48-D499-4F2A-88DF-B19527E5E085}"
EndProject
Global
	GlobalSection(SolutionConfigurationPlatforms) = preSolution
		Debug|Any CPU = Debug|Any CPU
		Release|Any CPU = Release|Any CPU
	EndGlobalSection
	GlobalSection(ProjectConfigurationPlatforms) = postSolution
		{22AECD77-88F1-4077-AF58-D32C9120E705}.Debug|Any CPU.ActiveCfg = Debug|Any CPU
		{22AECD77-88F1-4077-AF58-D32C9120E705}.Debug|Any CPU.Build.0 = Debug|Any CPU
		{22AECD77-88F1-4077-AF58-D32C9120E705}.Release|Any CPU.ActiveCfg = Release|Any CPU
		{22AECD77-88F1-4077-AF58-D32C9120E705}.Release|Any CPU.Build.0 = Release|Any CPU
		{E9F87614-0760-4284-AEDE-3B2915984C50}.Debug|Any CPU.ActiveCfg = Debug|Any CPU
		{E9F87614-0760-4284-AEDE-3B2915984C50}.Debug|Any CPU.Build.0 = Debug|Any CPU
		{E9F87614-0760-4284-AEDE-3B2915984C50}.Release|Any CPU.ActiveCfg = Release|Any CPU
		{E9F87614-0760-4284-AEDE-3B2915984C50}.Release|Any CPU.Build.0 = Release|Any CPU
		{C9AE2339-F47F-41DE-88CC-78331BF02461}.Debug|Any CPU.ActiveCfg = Debug|Any CPU
		{C9AE2339-F47F-41DE-88CC-78331BF02461}.Debug|Any CPU.Build.0 = Debug|Any CPU
		{C9AE2339-F47F-41DE-88CC-78331BF02461}.Release|Any CPU.ActiveCfg = Release|Any CPU
		{C9AE2339-F47F-41DE-88CC-78331BF02461}.Release|Any CPU.Build.0 = Release|Any CPU
		{5A6A9A7E-7004-408C-979B-1EB51707417E}.Debug|Any CPU.ActiveCfg = Debug|Any CPU
		{5A6A9A7E-7004-408C-979B-1EB51707417E}.Debug|Any CPU.Build.0 = Debug|Any CPU
		{5A6A9A7E-7004-408C-979B-1EB51707417E}.Release|Any CPU.ActiveCfg = Release|Any CPU
		{5A6A9A7E-7004-408C-979B-1EB51707417E}.Release|Any CPU.Build.0 = Release|Any CPU
		{E33F6BEA-C6BD-4503-A2C2-670E360A2279}.Debug|Any CPU.ActiveCfg = Debug|Any CPU
		{E33F6BEA-C6BD-4503-A2C2-670E360A2279}.Debug|Any CPU.Build.0 = Debug|Any CPU
		{E33F6BEA-C6BD-4503-A2C2-670E360A2279}.Release|Any CPU.ActiveCfg = Release|Any CPU
		{E33F6BEA-C6BD-4503-A2C2-670E360A2279}.Release|Any CPU.Build.0 = Release|Any CPU
		{F7CFC47A-6B53-4EAB-AB6D-4BC9485BD3FD}.Debug|Any CPU.ActiveCfg = Debug|Any CPU
		{F7CFC47A-6B53-4EAB-AB6D-4BC9485BD3FD}.Debug|Any CPU.Build.0 = Debug|Any CPU
		{F7CFC47A-6B53-4EAB-AB6D-4BC9485BD3FD}.Release|Any CPU.ActiveCfg = Release|Any CPU
		{F7CFC47A-6B53-4EAB-AB6D-4BC9485BD3FD}.Release|Any CPU.Build.0 = Release|Any CPU
		{A941C886-992B-4DC0-B636-ED15E322FB6B}.Debug|Any CPU.ActiveCfg = Debug|Any CPU
		{A941C886-992B-4DC0-B636-ED15E322FB6B}.Debug|Any CPU.Build.0 = Debug|Any CPU
		{A941C886-992B-4DC0-B636-ED15E322FB6B}.Release|Any CPU.ActiveCfg = Release|Any CPU
		{A941C886-992B-4DC0-B636-ED15E322FB6B}.Release|Any CPU.Build.0 = Release|Any CPU
		{B81BEB9B-FCEB-4785-ADD1-61ACBE22CC40}.Debug|Any CPU.ActiveCfg = Debug|Any CPU
		{B81BEB9B-FCEB-4785-ADD1-61ACBE22CC40}.Debug|Any CPU.Build.0 = Debug|Any CPU
		{B81BEB9B-FCEB-4785-ADD1-61ACBE22CC40}.Release|Any CPU.ActiveCfg = Release|Any CPU
		{B81BEB9B-FCEB-4785-ADD1-61ACBE22CC40}.Release|Any CPU.Build.0 = Release|Any CPU
		{B0CC24EE-A474-4DE0-89C6-7A0430B72718}.Debug|Any CPU.ActiveCfg = Debug|Any CPU
		{B0CC24EE-A474-4DE0-89C6-7A0430B72718}.Debug|Any CPU.Build.0 = Debug|Any CPU
		{B0CC24EE-A474-4DE0-89C6-7A0430B72718}.Release|Any CPU.ActiveCfg = Release|Any CPU
		{B0CC24EE-A474-4DE0-89C6-7A0430B72718}.Release|Any CPU.Build.0 = Release|Any CPU
		{AEDFEB25-D2A7-4D88-B188-9EA271783949}.Debug|Any CPU.ActiveCfg = Debug|Any CPU
		{AEDFEB25-D2A7-4D88-B188-9EA271783949}.Debug|Any CPU.Build.0 = Debug|Any CPU
		{AEDFEB25-D2A7-4D88-B188-9EA271783949}.Release|Any CPU.ActiveCfg = Release|Any CPU
		{AEDFEB25-D2A7-4D88-B188-9EA271783949}.Release|Any CPU.Build.0 = Release|Any CPU
		{C45F8C79-34E9-4A95-B241-53991476886D}.Debug|Any CPU.ActiveCfg = Debug|Any CPU
		{C45F8C79-34E9-4A95-B241-53991476886D}.Debug|Any CPU.Build.0 = Debug|Any CPU
		{C45F8C79-34E9-4A95-B241-53991476886D}.Release|Any CPU.ActiveCfg = Release|Any CPU
		{C45F8C79-34E9-4A95-B241-53991476886D}.Release|Any CPU.Build.0 = Release|Any CPU
		{9A07CB6C-2C35-43C0-8C89-DAE275CAD982}.Debug|Any CPU.ActiveCfg = Debug|Any CPU
		{9A07CB6C-2C35-43C0-8C89-DAE275CAD982}.Debug|Any CPU.Build.0 = Debug|Any CPU
		{9A07CB6C-2C35-43C0-8C89-DAE275CAD982}.Release|Any CPU.ActiveCfg = Release|Any CPU
		{9A07CB6C-2C35-43C0-8C89-DAE275CAD982}.Release|Any CPU.Build.0 = Release|Any CPU
		{91F92ABD-F679-4955-930B-C27B0051F902}.Debug|Any CPU.ActiveCfg = Debug|Any CPU
		{91F92ABD-F679-4955-930B-C27B0051F902}.Debug|Any CPU.Build.0 = Debug|Any CPU
		{91F92ABD-F679-4955-930B-C27B0051F902}.Release|Any CPU.ActiveCfg = Release|Any CPU
		{91F92ABD-F679-4955-930B-C27B0051F902}.Release|Any CPU.Build.0 = Release|Any CPU
		{56F5E3A2-3C53-465B-942C-C5AEACB38CAD}.Debug|Any CPU.ActiveCfg = Debug|Any CPU
		{56F5E3A2-3C53-465B-942C-C5AEACB38CAD}.Debug|Any CPU.Build.0 = Debug|Any CPU
		{56F5E3A2-3C53-465B-942C-C5AEACB38CAD}.Release|Any CPU.ActiveCfg = Release|Any CPU
		{56F5E3A2-3C53-465B-942C-C5AEACB38CAD}.Release|Any CPU.Build.0 = Release|Any CPU
		{43A0784E-C816-463B-AA39-53283AF0F572}.Debug|Any CPU.ActiveCfg = Debug|Any CPU
		{43A0784E-C816-463B-AA39-53283AF0F572}.Debug|Any CPU.Build.0 = Debug|Any CPU
		{43A0784E-C816-463B-AA39-53283AF0F572}.Release|Any CPU.ActiveCfg = Release|Any CPU
		{43A0784E-C816-463B-AA39-53283AF0F572}.Release|Any CPU.Build.0 = Release|Any CPU
		{3B628D48-D499-4F2A-88DF-B19527E5E085}.Debug|Any CPU.ActiveCfg = Debug|Any CPU
		{3B628D48-D499-4F2A-88DF-B19527E5E085}.Debug|Any CPU.Build.0 = Debug|Any CPU
		{3B628D48-D499-4F2A-88DF-B19527E5E085}.Release|Any CPU.ActiveCfg = Release|Any CPU
		{3B628D48-D499-4F2A-88DF-B19527E5E085}.Release|Any CPU.Build.0 = Release|Any CPU
	EndGlobalSection
EndGlobal
