
Microsoft Visual Studio Solution File, Format Version 12.00
Project("{FAE04EC0-301F-11D3-BF4B-00C04F79EFBC}") = "Baitap01", "Baitap01\Baitap01.csproj", "{22AECD77-88F1-4077-AF58-D32C9120E705}"
EndProject
Project("{FAE04EC0-301F-11D3-BF4B-00C04F79EFBC}") = "Baitap02", "Baitap02\Baitap02.csproj", "{E9F87614-0760-4284-AEDE-3B2915984C50}"
EndProject
Project("{FAE04EC0-301F-11D3-BF4B-00C04F79EFBC}") = "Baitap03", "Baitap03\Baitap03.csproj", "{C9AE2339-F47F-41DE-88CC-78331BF02461}"
EndProject
Project("{FAE04EC0-301F-11D3-BF4B-00C04F79EFBC}") = "Baitap04", "Baitap04\Baitap04.csproj", "{5A6A9A7E-7004-408C-979B-1EB51707417E}"
EndProject
Project("{FAE04EC0-301F-11D3-BF4B-00C04F79EFBC}") = "Baitap05", "Baitap05\Baitap05.csproj", "{E33F6BEA-C6BD-4503-A2C2-670E360A2279}"
EndProject
Project("{FAE04EC0-301F-11D3-BF4B-00C04F79EFBC}") = "BaiTap06", "BaiTap06\BaiTap06.csproj", "{F7CFC47A-6B53-4EAB-AB6D-4BC9485BD3FD}"
EndProject
Project("{FAE04EC0-301F-11D3-BF4B-00C04F79EFBC}") = "Baitap07", "Baitap07\Baitap07.csproj", "{A941C886-992B-4DC0-B636-ED15E322FB6B}"
EndProject
Project("{FAE04EC0-301F-11D3-BF4B-00C04F79EFBC}") = "Baitap08", "Baitap08\Baitap08.csproj", "{B81BEB9B-FCEB-4785-ADD1-61ACBE22CC40}"
EndProject
Project("{FAE04EC0-301F-11D3-BF4B-00C04F79EFBC}") = "Baitap09", "Baitap09\Baitap09.csproj", "{B0CC24EE-A474-4DE0-89C6-7A0430B72718}"
EndProject
Project("{FAE04EC0-301F-11D3-BF4B-00C04F79EFBC}") = "Baitap10", "Baitap10\Baitap10.csproj", "{AEDFEB25-D2A7-4D88-B188-9EA271783949}"
EndProject
Project("{FAE04EC0-301F-11D3-BF4B-00C04F79EFBC}") = "Baitap11", "Baitap11\Baitap11.csproj", "{C45F8C79-34E9-4A95-B241-53991476886D}"
EndProject
Project("{FAE04EC0-301F-11D3-BF4B-00C04F79EFBC}") = "Baitap12", "Baitap12\Baitap12.csproj", "{9A07CB6C-2C35-43C0-8C89-DAE275CAD982}"
EndProject
Project("{FAE04EC0-301F-11D3-BF4B-00C04F79EFBC}") = "Baitap13", "Baitap13\Baitap13.csproj", "{91F92ABD-F679-4955-930B-C27B0051F902}"
EndProject
Project("{FAE04EC0-301F-11D3-BF4B-00C04F79EFBC}") = "Baitap14", "Baitap14\Baitap14.csproj", "{56F5E3A2-3C53-465B-942C-C5AEACB38CAD}"
EndProject
Project("{FAE04EC0-301F-11D3-BF4B-00C04F79EFBC}") = "Baitap15", "Baitap15\Baitap15.csproj", "{43A0784E-C816-463B-AA39-53283AF0F572}"
EndProject
Project("{FAE04EC0-301F-11D3-BF4B-00C04F79EFBC}") = "Baitap16", "Baitap16\Baitap16.csproj", "{3B628D48-D499-4F2A-88DF-B19527E5E085}"
EndProject
Project("{FAE04EC0-301F-11D3-BF4B-00C04F79EFBC}") = "Baitap17", "Baitap17\Baitap17.csproj", "{16C61CAB-0A47-4E78-8B4D-D43EE2F3D230}"
EndProject
Project("{FAE04EC0-301F-11D3-BF4B-00C04F79EFBC}") = "Baitap18", "Baitap18\Baitap18.csproj", "{331E83F5-47C2-421F-9A0E-48208A650A02}"
EndProject
Project("{FAE04EC0-301F-11D3-BF4B-00C04F79EFBC}") = "baitap20", "baitap20\baitap20.csproj", "{0205C837-489D-4902-8A9A-BB0B034A8603}"
EndProject
Project("{FAE04EC0-301F-11D3-BF4B-00C04F79EFBC}") = "Baitap21", "Baitap21\Baitap21.csproj", "{450CA2CD-1813-4BA9-881F-2A584B647F7B}"
EndProject
Project("{FAE04EC0-301F-11D3-BF4B-00C04F79EFBC}") = "Baitap22", "Baitap22\Baitap22.csproj", "{755B2227-C49E-4388-A1B7-FB207BF08A32}"
EndProject
Project("{FAE04EC0-301F-11D3-BF4B-00C04F79EFBC}") = "Baitap23", "Baitap23\Baitap23.csproj", "{226EE5A5-AF30-4173-94C0-65251FE9E96E}"
EndProject
Project("{FAE04EC0-301F-11D3-BF4B-00C04F79EFBC}") = "Baitap24", "Baitap24\Baitap24.csproj", "{B7AFB724-7C84-4419-8F01-1CA09C361F9F}"
EndProject
Project("{FAE04EC0-301F-11D3-BF4B-00C04F79EFBC}") = "Baitap25", "Baitap25\Baitap25.csproj", "{45B91562-1511-4B22-BAE9-E3EC4B1A499D}"
EndProject
Project("{FAE04EC0-301F-11D3-BF4B-00C04F79EFBC}") = "Baitap33", "Baitap33\Baitap33.csproj", "{F95A0815-FE28-489A-BB55-5AD4CC3BA6B3}"
EndProject
Project("{FAE04EC0-301F-11D3-BF4B-00C04F79EFBC}") = "Baitap34", "Baitap34\Baitap34.csproj", "{D442A68C-9456-4D54-9E75-C1734021C3D1}"
EndProject
Project("{FAE04EC0-301F-11D3-BF4B-00C04F79EFBC}") = "Baitap36", "Baitap36\Baitap36.csproj", "{87615C45-4E8E-47FE-8AF3-EC64210DBBA4}"
EndProject
Project("{FAE04EC0-301F-11D3-BF4B-00C04F79EFBC}") = "Baitap42", "Baitap42\Baitap42.csproj", "{9CEDB0E6-DBEA-45F9-8835-5B468F67F3BA}"
EndProject
Project("{FAE04EC0-301F-11D3-BF4B-00C04F79EFBC}") = "Baitap43", "Baitap43\Baitap43.csproj", "{B7F15172-0EE5-45EC-9FD8-833C4D6AFDBE}"
EndProject
Project("{FAE04EC0-301F-11D3-BF4B-00C04F79EFBC}") = "Baitap44", "Baitap44\Baitap44.csproj", "{4021BC14-3E32-4C65-80BC-A57C3C1BC865}"
EndProject
Project("{FAE04EC0-301F-11D3-BF4B-00C04F79EFBC}") = "Baitap45", "Baitap45\Baitap45.csproj", "{45562D24-DF50-4BD4-9EAE-3AC159B313A2}"
EndProject
Project("{FAE04EC0-301F-11D3-BF4B-00C04F79EFBC}") = "Baitap46", "Baitap46\Baitap46.csproj", "{8035C340-877B-419B-9C54-DADF66B3047D}"
EndProject
Project("{FAE04EC0-301F-11D3-BF4B-00C04F79EFBC}") = "Baitap50", "Baitap50\Baitap50.csproj", "{F9979610-14C4-4EC1-9717-BAA2EFF381A9}"
EndProject
Project("{FAE04EC0-301F-11D3-BF4B-00C04F79EFBC}") = "Baitap57", "Baitap57\Baitap57.csproj", "{45911C88-2F77-497A-8B30-3055E7D05516}"
EndProject
Project("{FAE04EC0-301F-11D3-BF4B-00C04F79EFBC}") = "Baitap59", "Baitap59\Baitap59.csproj", "{D17E96E6-7296-4C6C-8186-937D6367CC5A}"
EndProject
Project("{FAE04EC0-301F-11D3-BF4B-00C04F79EFBC}") = "Baitap62", "Baitap62\Baitap62.csproj", "{8C9A4EDF-B433-453E-BAF3-EC7A7FE61643}"
EndProject
Project("{FAE04EC0-301F-11D3-BF4B-00C04F79EFBC}") = "Baitap63", "Baitap63\Baitap63.csproj", "{7D9297F1-29B6-4304-A743-DCB5533FE0B6}"
EndProject
Global
	GlobalSection(SolutionConfigurationPlatforms) = preSolution
		Debug|Any CPU = Debug|Any CPU
		Release|Any CPU = Release|Any CPU
	EndGlobalSection
	GlobalSection(ProjectConfigurationPlatforms) = postSolution
		{22AECD77-88F1-4077-AF58-D32C9120E705}.Debug|Any CPU.ActiveCfg = Debug|Any CPU
		{22AECD77-88F1-4077-AF58-D32C9120E705}.Debug|Any CPU.Build.0 = Debug|Any CPU
		{22AECD77-88F1-4077-AF58-D32C9120E705}.Release|Any CPU.ActiveCfg = Release|Any CPU
		{22AECD77-88F1-4077-AF58-D32C9120E705}.Release|Any CPU.Build.0 = Release|Any CPU
		{E9F87614-0760-4284-AEDE-3B2915984C50}.Debug|Any CPU.ActiveCfg = Debug|Any CPU
		{E9F87614-0760-4284-AEDE-3B2915984C50}.Debug|Any CPU.Build.0 = Debug|Any CPU
		{E9F87614-0760-4284-AEDE-3B2915984C50}.Release|Any CPU.ActiveCfg = Release|Any CPU
		{E9F87614-0760-4284-AEDE-3B2915984C50}.Release|Any CPU.Build.0 = Release|Any CPU
		{C9AE2339-F47F-41DE-88CC-78331BF02461}.Debug|Any CPU.ActiveCfg = Debug|Any CPU
		{C9AE2339-F47F-41DE-88CC-78331BF02461}.Debug|Any CPU.Build.0 = Debug|Any CPU
		{C9AE2339-F47F-41DE-88CC-78331BF02461}.Release|Any CPU.ActiveCfg = Release|Any CPU
		{C9AE2339-F47F-41DE-88CC-78331BF02461}.Release|Any CPU.Build.0 = Release|Any CPU
		{5A6A9A7E-7004-408C-979B-1EB51707417E}.Debug|Any CPU.ActiveCfg = Debug|Any CPU
		{5A6A9A7E-7004-408C-979B-1EB51707417E}.Debug|Any CPU.Build.0 = Debug|Any CPU
		{5A6A9A7E-7004-408C-979B-1EB51707417E}.Release|Any CPU.ActiveCfg = Release|Any CPU
		{5A6A9A7E-7004-408C-979B-1EB51707417E}.Release|Any CPU.Build.0 = Release|Any CPU
		{E33F6BEA-C6BD-4503-A2C2-670E360A2279}.Debug|Any CPU.ActiveCfg = Debug|Any CPU
		{E33F6BEA-C6BD-4503-A2C2-670E360A2279}.Debug|Any CPU.Build.0 = Debug|Any CPU
		{E33F6BEA-C6BD-4503-A2C2-670E360A2279}.Release|Any CPU.ActiveCfg = Release|Any CPU
		{E33F6BEA-C6BD-4503-A2C2-670E360A2279}.Release|Any CPU.Build.0 = Release|Any CPU
		{F7CFC47A-6B53-4EAB-AB6D-4BC9485BD3FD}.Debug|Any CPU.ActiveCfg = Debug|Any CPU
		{F7CFC47A-6B53-4EAB-AB6D-4BC9485BD3FD}.Debug|Any CPU.Build.0 = Debug|Any CPU
		{F7CFC47A-6B53-4EAB-AB6D-4BC9485BD3FD}.Release|Any CPU.ActiveCfg = Release|Any CPU
		{F7CFC47A-6B53-4EAB-AB6D-4BC9485BD3FD}.Release|Any CPU.Build.0 = Release|Any CPU
		{A941C886-992B-4DC0-B636-ED15E322FB6B}.Debug|Any CPU.ActiveCfg = Debug|Any CPU
		{A941C886-992B-4DC0-B636-ED15E322FB6B}.Debug|Any CPU.Build.0 = Debug|Any CPU
		{A941C886-992B-4DC0-B636-ED15E322FB6B}.Release|Any CPU.ActiveCfg = Release|Any CPU
		{A941C886-992B-4DC0-B636-ED15E322FB6B}.Release|Any CPU.Build.0 = Release|Any CPU
		{B81BEB9B-FCEB-4785-ADD1-61ACBE22CC40}.Debug|Any CPU.ActiveCfg = Debug|Any CPU
		{B81BEB9B-FCEB-4785-ADD1-61ACBE22CC40}.Debug|Any CPU.Build.0 = Debug|Any CPU
		{B81BEB9B-FCEB-4785-ADD1-61ACBE22CC40}.Release|Any CPU.ActiveCfg = Release|Any CPU
		{B81BEB9B-FCEB-4785-ADD1-61ACBE22CC40}.Release|Any CPU.Build.0 = Release|Any CPU
		{B0CC24EE-A474-4DE0-89C6-7A0430B72718}.Debug|Any CPU.ActiveCfg = Debug|Any CPU
		{B0CC24EE-A474-4DE0-89C6-7A0430B72718}.Debug|Any CPU.Build.0 = Debug|Any CPU
		{B0CC24EE-A474-4DE0-89C6-7A0430B72718}.Release|Any CPU.ActiveCfg = Release|Any CPU
		{B0CC24EE-A474-4DE0-89C6-7A0430B72718}.Release|Any CPU.Build.0 = Release|Any CPU
		{AEDFEB25-D2A7-4D88-B188-9EA271783949}.Debug|Any CPU.ActiveCfg = Debug|Any CPU
		{AEDFEB25-D2A7-4D88-B188-9EA271783949}.Debug|Any CPU.Build.0 = Debug|Any CPU
		{AEDFEB25-D2A7-4D88-B188-9EA271783949}.Release|Any CPU.ActiveCfg = Release|Any CPU
		{AEDFEB25-D2A7-4D88-B188-9EA271783949}.Release|Any CPU.Build.0 = Release|Any CPU
		{C45F8C79-34E9-4A95-B241-53991476886D}.Debug|Any CPU.ActiveCfg = Debug|Any CPU
		{C45F8C79-34E9-4A95-B241-53991476886D}.Debug|Any CPU.Build.0 = Debug|Any CPU
		{C45F8C79-34E9-4A95-B241-53991476886D}.Release|Any CPU.ActiveCfg = Release|Any CPU
		{C45F8C79-34E9-4A95-B241-53991476886D}.Release|Any CPU.Build.0 = Release|Any CPU
		{9A07CB6C-2C35-43C0-8C89-DAE275CAD982}.Debug|Any CPU.ActiveCfg = Debug|Any CPU
		{9A07CB6C-2C35-43C0-8C89-DAE275CAD982}.Debug|Any CPU.Build.0 = Debug|Any CPU
		{9A07CB6C-2C35-43C0-8C89-DAE275CAD982}.Release|Any CPU.ActiveCfg = Release|Any CPU
		{9A07CB6C-2C35-43C0-8C89-DAE275CAD982}.Release|Any CPU.Build.0 = Release|Any CPU
		{91F92ABD-F679-4955-930B-C27B0051F902}.Debug|Any CPU.ActiveCfg = Debug|Any CPU
		{91F92ABD-F679-4955-930B-C27B0051F902}.Debug|Any CPU.Build.0 = Debug|Any CPU
		{91F92ABD-F679-4955-930B-C27B0051F902}.Release|Any CPU.ActiveCfg = Release|Any CPU
		{91F92ABD-F679-4955-930B-C27B0051F902}.Release|Any CPU.Build.0 = Release|Any CPU
		{56F5E3A2-3C53-465B-942C-C5AEACB38CAD}.Debug|Any CPU.ActiveCfg = Debug|Any CPU
		{56F5E3A2-3C53-465B-942C-C5AEACB38CAD}.Debug|Any CPU.Build.0 = Debug|Any CPU
		{56F5E3A2-3C53-465B-942C-C5AEACB38CAD}.Release|Any CPU.ActiveCfg = Release|Any CPU
		{56F5E3A2-3C53-465B-942C-C5AEACB38CAD}.Release|Any CPU.Build.0 = Release|Any CPU
		{43A0784E-C816-463B-AA39-53283AF0F572}.Debug|Any CPU.ActiveCfg = Debug|Any CPU
		{43A0784E-C816-463B-AA39-53283AF0F572}.Debug|Any CPU.Build.0 = Debug|Any CPU
		{43A0784E-C816-463B-AA39-53283AF0F572}.Release|Any CPU.ActiveCfg = Release|Any CPU
		{43A0784E-C816-463B-AA39-53283AF0F572}.Release|Any CPU.Build.0 = Release|Any CPU
		{3B628D48-D499-4F2A-88DF-B19527E5E085}.Debug|Any CPU.ActiveCfg = Debug|Any CPU
		{3B628D48-D499-4F2A-88DF-B19527E5E085}.Debug|Any CPU.Build.0 = Debug|Any CPU
		{3B628D48-D499-4F2A-88DF-B19527E5E085}.Release|Any CPU.ActiveCfg = Release|Any CPU
		{3B628D48-D499-4F2A-88DF-B19527E5E085}.Release|Any CPU.Build.0 = Release|Any CPU
		{16C61CAB-0A47-4E78-8B4D-D43EE2F3D230}.Debug|Any CPU.ActiveCfg = Debug|Any CPU
		{16C61CAB-0A47-4E78-8B4D-D43EE2F3D230}.Debug|Any CPU.Build.0 = Debug|Any CPU
		{16C61CAB-0A47-4E78-8B4D-D43EE2F3D230}.Release|Any CPU.ActiveCfg = Release|Any CPU
		{16C61CAB-0A47-4E78-8B4D-D43EE2F3D230}.Release|Any CPU.Build.0 = Release|Any CPU
		{331E83F5-47C2-421F-9A0E-48208A650A02}.Debug|Any CPU.ActiveCfg = Debug|Any CPU
		{331E83F5-47C2-421F-9A0E-48208A650A02}.Debug|Any CPU.Build.0 = Debug|Any CPU
		{331E83F5-47C2-421F-9A0E-48208A650A02}.Release|Any CPU.ActiveCfg = Release|Any CPU
		{331E83F5-47C2-421F-9A0E-48208A650A02}.Release|Any CPU.Build.0 = Release|Any CPU
		{0205C837-489D-4902-8A9A-BB0B034A8603}.Debug|Any CPU.ActiveCfg = Debug|Any CPU
		{0205C837-489D-4902-8A9A-BB0B034A8603}.Debug|Any CPU.Build.0 = Debug|Any CPU
		{0205C837-489D-4902-8A9A-BB0B034A8603}.Release|Any CPU.ActiveCfg = Release|Any CPU
		{0205C837-489D-4902-8A9A-BB0B034A8603}.Release|Any CPU.Build.0 = Release|Any CPU
		{450CA2CD-1813-4BA9-881F-2A584B647F7B}.Debug|Any CPU.ActiveCfg = Debug|Any CPU
		{450CA2CD-1813-4BA9-881F-2A584B647F7B}.Debug|Any CPU.Build.0 = Debug|Any CPU
		{450CA2CD-1813-4BA9-881F-2A584B647F7B}.Release|Any CPU.ActiveCfg = Release|Any CPU
		{450CA2CD-1813-4BA9-881F-2A584B647F7B}.Release|Any CPU.Build.0 = Release|Any CPU
		{755B2227-C49E-4388-A1B7-FB207BF08A32}.Debug|Any CPU.ActiveCfg = Debug|Any CPU
		{755B2227-C49E-4388-A1B7-FB207BF08A32}.Debug|Any CPU.Build.0 = Debug|Any CPU
		{755B2227-C49E-4388-A1B7-FB207BF08A32}.Release|Any CPU.ActiveCfg = Release|Any CPU
		{755B2227-C49E-4388-A1B7-FB207BF08A32}.Release|Any CPU.Build.0 = Release|Any CPU
		{226EE5A5-AF30-4173-94C0-65251FE9E96E}.Debug|Any CPU.ActiveCfg = Debug|Any CPU
		{226EE5A5-AF30-4173-94C0-65251FE9E96E}.Debug|Any CPU.Build.0 = Debug|Any CPU
		{226EE5A5-AF30-4173-94C0-65251FE9E96E}.Release|Any CPU.ActiveCfg = Release|Any CPU
		{226EE5A5-AF30-4173-94C0-65251FE9E96E}.Release|Any CPU.Build.0 = Release|Any CPU
		{B7AFB724-7C84-4419-8F01-1CA09C361F9F}.Debug|Any CPU.ActiveCfg = Debug|Any CPU
		{B7AFB724-7C84-4419-8F01-1CA09C361F9F}.Debug|Any CPU.Build.0 = Debug|Any CPU
		{B7AFB724-7C84-4419-8F01-1CA09C361F9F}.Release|Any CPU.ActiveCfg = Release|Any CPU
		{B7AFB724-7C84-4419-8F01-1CA09C361F9F}.Release|Any CPU.Build.0 = Release|Any CPU
		{45B91562-1511-4B22-BAE9-E3EC4B1A499D}.Debug|Any CPU.ActiveCfg = Debug|Any CPU
		{45B91562-1511-4B22-BAE9-E3EC4B1A499D}.Debug|Any CPU.Build.0 = Debug|Any CPU
		{45B91562-1511-4B22-BAE9-E3EC4B1A499D}.Release|Any CPU.ActiveCfg = Release|Any CPU
		{45B91562-1511-4B22-BAE9-E3EC4B1A499D}.Release|Any CPU.Build.0 = Release|Any CPU
		{F95A0815-FE28-489A-BB55-5AD4CC3BA6B3}.Debug|Any CPU.ActiveCfg = Debug|Any CPU
		{F95A0815-FE28-489A-BB55-5AD4CC3BA6B3}.Debug|Any CPU.Build.0 = Debug|Any CPU
		{F95A0815-FE28-489A-BB55-5AD4CC3BA6B3}.Release|Any CPU.ActiveCfg = Release|Any CPU
		{F95A0815-FE28-489A-BB55-5AD4CC3BA6B3}.Release|Any CPU.Build.0 = Release|Any CPU
		{D442A68C-9456-4D54-9E75-C1734021C3D1}.Debug|Any CPU.ActiveCfg = Debug|Any CPU
		{D442A68C-9456-4D54-9E75-C1734021C3D1}.Debug|Any CPU.Build.0 = Debug|Any CPU
		{D442A68C-9456-4D54-9E75-C1734021C3D1}.Release|Any CPU.ActiveCfg = Release|Any CPU
		{D442A68C-9456-4D54-9E75-C1734021C3D1}.Release|Any CPU.Build.0 = Release|Any CPU
		{87615C45-4E8E-47FE-8AF3-EC64210DBBA4}.Debug|Any CPU.ActiveCfg = Debug|Any CPU
		{87615C45-4E8E-47FE-8AF3-EC64210DBBA4}.Debug|Any CPU.Build.0 = Debug|Any CPU
		{87615C45-4E8E-47FE-8AF3-EC64210DBBA4}.Release|Any CPU.ActiveCfg = Release|Any CPU
		{87615C45-4E8E-47FE-8AF3-EC64210DBBA4}.Release|Any CPU.Build.0 = Release|Any CPU
		{9CEDB0E6-DBEA-45F9-8835-5B468F67F3BA}.Debug|Any CPU.ActiveCfg = Debug|Any CPU
		{9CEDB0E6-DBEA-45F9-8835-5B468F67F3BA}.Debug|Any CPU.Build.0 = Debug|Any CPU
		{9CEDB0E6-DBEA-45F9-8835-5B468F67F3BA}.Release|Any CPU.ActiveCfg = Release|Any CPU
		{9CEDB0E6-DBEA-45F9-8835-5B468F67F3BA}.Release|Any CPU.Build.0 = Release|Any CPU
		{B7F15172-0EE5-45EC-9FD8-833C4D6AFDBE}.Debug|Any CPU.ActiveCfg = Debug|Any CPU
		{B7F15172-0EE5-45EC-9FD8-833C4D6AFDBE}.Debug|Any CPU.Build.0 = Debug|Any CPU
		{B7F15172-0EE5-45EC-9FD8-833C4D6AFDBE}.Release|Any CPU.ActiveCfg = Release|Any CPU
		{B7F15172-0EE5-45EC-9FD8-833C4D6AFDBE}.Release|Any CPU.Build.0 = Release|Any CPU
		{4021BC14-3E32-4C65-80BC-A57C3C1BC865}.Debug|Any CPU.ActiveCfg = Debug|Any CPU
		{4021BC14-3E32-4C65-80BC-A57C3C1BC865}.Debug|Any CPU.Build.0 = Debug|Any CPU
		{4021BC14-3E32-4C65-80BC-A57C3C1BC865}.Release|Any CPU.ActiveCfg = Release|Any CPU
		{4021BC14-3E32-4C65-80BC-A57C3C1BC865}.Release|Any CPU.Build.0 = Release|Any CPU
		{45562D24-DF50-4BD4-9EAE-3AC159B313A2}.Debug|Any CPU.ActiveCfg = Debug|Any CPU
		{45562D24-DF50-4BD4-9EAE-3AC159B313A2}.Debug|Any CPU.Build.0 = Debug|Any CPU
		{45562D24-DF50-4BD4-9EAE-3AC159B313A2}.Release|Any CPU.ActiveCfg = Release|Any CPU
		{45562D24-DF50-4BD4-9EAE-3AC159B313A2}.Release|Any CPU.Build.0 = Release|Any CPU
		{8035C340-877B-419B-9C54-DADF66B3047D}.Debug|Any CPU.ActiveCfg = Debug|Any CPU
		{8035C340-877B-419B-9C54-DADF66B3047D}.Debug|Any CPU.Build.0 = Debug|Any CPU
		{8035C340-877B-419B-9C54-DADF66B3047D}.Release|Any CPU.ActiveCfg = Release|Any CPU
		{8035C340-877B-419B-9C54-DADF66B3047D}.Release|Any CPU.Build.0 = Release|Any CPU
		{F9979610-14C4-4EC1-9717-BAA2EFF381A9}.Debug|Any CPU.ActiveCfg = Debug|Any CPU
		{F9979610-14C4-4EC1-9717-BAA2EFF381A9}.Debug|Any CPU.Build.0 = Debug|Any CPU
		{F9979610-14C4-4EC1-9717-BAA2EFF381A9}.Release|Any CPU.ActiveCfg = Release|Any CPU
		{F9979610-14C4-4EC1-9717-BAA2EFF381A9}.Release|Any CPU.Build.0 = Release|Any CPU
		{45911C88-2F77-497A-8B30-3055E7D05516}.Debug|Any CPU.ActiveCfg = Debug|Any CPU
		{45911C88-2F77-497A-8B30-3055E7D05516}.Debug|Any CPU.Build.0 = Debug|Any CPU
		{45911C88-2F77-497A-8B30-3055E7D05516}.Release|Any CPU.ActiveCfg = Release|Any CPU
		{45911C88-2F77-497A-8B30-3055E7D05516}.Release|Any CPU.Build.0 = Release|Any CPU
		{D17E96E6-7296-4C6C-8186-937D6367CC5A}.Debug|Any CPU.ActiveCfg = Debug|Any CPU
		{D17E96E6-7296-4C6C-8186-937D6367CC5A}.Debug|Any CPU.Build.0 = Debug|Any CPU
		{D17E96E6-7296-4C6C-8186-937D6367CC5A}.Release|Any CPU.ActiveCfg = Release|Any CPU
		{D17E96E6-7296-4C6C-8186-937D6367CC5A}.Release|Any CPU.Build.0 = Release|Any CPU
		{8C9A4EDF-B433-453E-BAF3-EC7A7FE61643}.Debug|Any CPU.ActiveCfg = Debug|Any CPU
		{8C9A4EDF-B433-453E-BAF3-EC7A7FE61643}.Debug|Any CPU.Build.0 = Debug|Any CPU
		{8C9A4EDF-B433-453E-BAF3-EC7A7FE61643}.Release|Any CPU.ActiveCfg = Release|Any CPU
		{8C9A4EDF-B433-453E-BAF3-EC7A7FE61643}.Release|Any CPU.Build.0 = Release|Any CPU
		{7D9297F1-29B6-4304-A743-DCB5533FE0B6}.Debug|Any CPU.ActiveCfg = Debug|Any CPU
		{7D9297F1-29B6-4304-A743-DCB5533FE0B6}.Debug|Any CPU.Build.0 = Debug|Any CPU
		{7D9297F1-29B6-4304-A743-DCB5533FE0B6}.Release|Any CPU.ActiveCfg = Release|Any CPU
		{7D9297F1-29B6-4304-A743-DCB5533FE0B6}.Release|Any CPU.Build.0 = Release|Any CPU
	EndGlobalSection
EndGlobal
