
Microsoft Visual Studio Solution File, Format Version 12.00
Project("{FAE04EC0-301F-11D3-BF4B-00C04F79EFBC}") = "Bai_tap_mang_1_chieu", "Bai_tap_mang_1_chieu.csproj", "{354F2964-2C1A-42C1-8CDB-4E02DA4E2F09}"
EndProject
Global
	GlobalSection(SolutionConfigurationPlatforms) = preSolution
		Debug|Any CPU = Debug|Any CPU
		Release|Any CPU = Release|Any CPU
	EndGlobalSection
	GlobalSection(ProjectConfigurationPlatforms) = postSolution
		{354F2964-2C1A-42C1-8CDB-4E02DA4E2F09}.Debug|Any CPU.ActiveCfg = Debug|Any CPU
		{354F2964-2C1A-42C1-8CDB-4E02DA4E2F09}.Debug|Any CPU.Build.0 = Debug|Any CPU
		{354F2964-2C1A-42C1-8CDB-4E02DA4E2F09}.Release|Any CPU.ActiveCfg = Release|Any CPU
		{354F2964-2C1A-42C1-8CDB-4E02DA4E2F09}.Release|Any CPU.Build.0 = Release|Any CPU
	EndGlobalSection
EndGlobal
